
Microsoft Visual Studio Solution File, Format Version 12.00
# Visual Studio Version 17
VisualStudioVersion = 17.0.31903.59
MinimumVisualStudioVersion = 10.0.40219.1
Project("{9A19103F-16F7-4668-BE54-9A1E7A4F7556}") = "Maid.Docs.Generator", "Maid.Docs.Generator\Maid.Docs.Generator.csproj", "{F1704817-774B-47EC-A358-EF61C1529C46}"
EndProject
Project("{9A19103F-16F7-4668-BE54-9A1E7A4F7556}") = "Maid.Docs.Viewer", "Maid.Docs.Viewer\Maid.Docs.Viewer.csproj", "{52A1F136-F70A-419D-8A6B-051F6926FAEE}"
EndProject
Project("{9A19103F-16F7-4668-BE54-9A1E7A4F7556}") = "TestAssembly", "TestAssembly\TestAssembly.csproj", "{4EF03C7F-D982-4C9A-B470-C4623B4B570A}"
EndProject
Project("{9A19103F-16F7-4668-BE54-9A1E7A4F7556}") = "Maid.Docs.Scraper.CSharp", "Maid.Docs.Scraper\Maid.Docs.Scraper.CSharp.csproj", "{AC546346-798D-4621-ACE1-4014E2F83246}"
EndProject
Project("{9A19103F-16F7-4668-BE54-9A1E7A4F7556}") = "ScraperConsole", "ScraperConsole\ScraperConsole.csproj", "{6859F311-C332-4F79-A12B-234190C7E506}"
EndProject
Project("{9A19103F-16F7-4668-BE54-9A1E7A4F7556}") = "Maid.Docs.Components", "Maid.Docs.Components\Maid.Docs.Components.csproj", "{AAB1995E-55A5-4EE8-8908-167DD6393422}"
EndProject
Project("{9A19103F-16F7-4668-BE54-9A1E7A4F7556}") = "Maid.Docs.Shared", "Maid.Docs.Shared\Maid.Docs.Shared.csproj", "{E863F763-5FE9-4504-9B8E-887FA0CA8080}"
EndProject
Project("{FAE04EC0-301F-11D3-BF4B-00C04F79EFBC}") = "Maid.Docs.Analyzer.CSharp", "Maid.Docs.Analyzer.CSharp\Maid.Docs.Analyzer.CSharp.csproj", "{1EA14E2F-1561-4E33-B8B5-52A204143E52}"
EndProject
Global
	GlobalSection(SolutionConfigurationPlatforms) = preSolution
		Debug|Any CPU = Debug|Any CPU
		Release|Any CPU = Release|Any CPU
	EndGlobalSection
	GlobalSection(ProjectConfigurationPlatforms) = postSolution
		{F1704817-774B-47EC-A358-EF61C1529C46}.Debug|Any CPU.ActiveCfg = Debug|Any CPU
		{F1704817-774B-47EC-A358-EF61C1529C46}.Debug|Any CPU.Build.0 = Debug|Any CPU
		{F1704817-774B-47EC-A358-EF61C1529C46}.Release|Any CPU.ActiveCfg = Release|Any CPU
		{F1704817-774B-47EC-A358-EF61C1529C46}.Release|Any CPU.Build.0 = Release|Any CPU
		{52A1F136-F70A-419D-8A6B-051F6926FAEE}.Debug|Any CPU.ActiveCfg = Debug|Any CPU
		{52A1F136-F70A-419D-8A6B-051F6926FAEE}.Debug|Any CPU.Build.0 = Debug|Any CPU
		{52A1F136-F70A-419D-8A6B-051F6926FAEE}.Release|Any CPU.ActiveCfg = Release|Any CPU
		{52A1F136-F70A-419D-8A6B-051F6926FAEE}.Release|Any CPU.Build.0 = Release|Any CPU
		{4EF03C7F-D982-4C9A-B470-C4623B4B570A}.Debug|Any CPU.ActiveCfg = Debug|Any CPU
		{4EF03C7F-D982-4C9A-B470-C4623B4B570A}.Debug|Any CPU.Build.0 = Debug|Any CPU
		{4EF03C7F-D982-4C9A-B470-C4623B4B570A}.Release|Any CPU.ActiveCfg = Release|Any CPU
		{4EF03C7F-D982-4C9A-B470-C4623B4B570A}.Release|Any CPU.Build.0 = Release|Any CPU
		{AC546346-798D-4621-ACE1-4014E2F83246}.Debug|Any CPU.ActiveCfg = Debug|Any CPU
		{AC546346-798D-4621-ACE1-4014E2F83246}.Debug|Any CPU.Build.0 = Debug|Any CPU
		{AC546346-798D-4621-ACE1-4014E2F83246}.Release|Any CPU.ActiveCfg = Release|Any CPU
		{AC546346-798D-4621-ACE1-4014E2F83246}.Release|Any CPU.Build.0 = Release|Any CPU
		{6859F311-C332-4F79-A12B-234190C7E506}.Debug|Any CPU.ActiveCfg = Debug|Any CPU
		{6859F311-C332-4F79-A12B-234190C7E506}.Debug|Any CPU.Build.0 = Debug|Any CPU
		{6859F311-C332-4F79-A12B-234190C7E506}.Release|Any CPU.ActiveCfg = Release|Any CPU
		{6859F311-C332-4F79-A12B-234190C7E506}.Release|Any CPU.Build.0 = Release|Any CPU
		{AAB1995E-55A5-4EE8-8908-167DD6393422}.Debug|Any CPU.ActiveCfg = Debug|Any CPU
		{AAB1995E-55A5-4EE8-8908-167DD6393422}.Debug|Any CPU.Build.0 = Debug|Any CPU
		{AAB1995E-55A5-4EE8-8908-167DD6393422}.Release|Any CPU.ActiveCfg = Release|Any CPU
		{AAB1995E-55A5-4EE8-8908-167DD6393422}.Release|Any CPU.Build.0 = Release|Any CPU
		{E863F763-5FE9-4504-9B8E-887FA0CA8080}.Debug|Any CPU.ActiveCfg = Debug|Any CPU
		{E863F763-5FE9-4504-9B8E-887FA0CA8080}.Debug|Any CPU.Build.0 = Debug|Any CPU
		{E863F763-5FE9-4504-9B8E-887FA0CA8080}.Release|Any CPU.ActiveCfg = Release|Any CPU
		{E863F763-5FE9-4504-9B8E-887FA0CA8080}.Release|Any CPU.Build.0 = Release|Any CPU
		{1EA14E2F-1561-4E33-B8B5-52A204143E52}.Debug|Any CPU.ActiveCfg = Debug|Any CPU
		{1EA14E2F-1561-4E33-B8B5-52A204143E52}.Debug|Any CPU.Build.0 = Debug|Any CPU
		{1EA14E2F-1561-4E33-B8B5-52A204143E52}.Release|Any CPU.ActiveCfg = Release|Any CPU
		{1EA14E2F-1561-4E33-B8B5-52A204143E52}.Release|Any CPU.Build.0 = Release|Any CPU
	EndGlobalSection
	GlobalSection(SolutionProperties) = preSolution
		HideSolutionNode = FALSE
	EndGlobalSection
	GlobalSection(ExtensibilityGlobals) = postSolution
		SolutionGuid = {658E7FFF-0381-4C2F-B3FF-931171B751A1}
	EndGlobalSection
EndGlobal
